{
  "name": "@taskly/desktop",
  "version": "0.1.0",
  "lockfileVersion": 3,
  "requires": true,
  "packages": {
    "": {
      "name": "@taskly/desktop",
      "version": "0.1.0",
      "dependencies": {
        "@dnd-kit/core": "^6.3.1",
        "@dnd-kit/sortable": "^10.0.0",
        "@dnd-kit/utilities": "^3.2.2",
        "@fontsource-variable/geist": "^5.2.9",
        "@fontsource/geist-mono": "^5.2.8",
        "@fontsource/geist-sans": "^5.2.5",
        "@fontsource/inter": "^5.2.8",
        "@shadcn/react": "^0.2.1",
        "@tauri-apps/api": "^2.0.0",
        "@tauri-apps/plugin-dialog": "^2.7.1",
        "@tauri-apps/plugin-notification": "^2.3.3",
        "@tauri-apps/plugin-opener": "^2.5.4",
        "@tauri-apps/plugin-store": "^2.4.3",
        "class-variance-authority": "^0.7.1",
        "clsx": "^2.1.1",
        "date-fns": "^4.4.0",
        "highlight.js": "^11.11.1",
        "lucide-react": "^1.24.0",
        "radix-ui": "^1.6.2",
        "react": "^18.3.1",
        "react-day-picker": "^10.0.1",
        "react-dom": "^18.3.1",
        "react-markdown": "^9.0.1",
        "rehype-highlight": "^7.0.0",
        "remark-gfm": "^4.0.0",
        "tailwind-merge": "^3.6.0",
        "tw-animate-css": "^1.4.0",
        "zustand": "^5.0.14"
      },
      "devDependencies": {
        "@tailwindcss/vite": "^4.3.2",
        "@tauri-apps/cli": "^2.11.2",
        "@types/react": "^18.3.0",
        "@types/react-dom": "^18.3.0",
        "@vitejs/plugin-react": "^4.3.0",
        "tailwindcss": "^4.3.2",
        "typescript": "^5.5.0",
        "vite": "^5.4.0",
        "vitest": "^3.2.7"
      }
    },
    "../../node_modules/.pnpm/@fontsource-variable+geist@5.2.9/node_modules/@fontsource-variable/geist": {
      "version": "5.2.9",
      "license": "OFL-1.1",
      "funding": {
        "url": "https://github.com/sponsors/ayuhito"
      }
    },
    "../../node_modules/.pnpm/@fontsource+geist-mono@5.2.8/node_modules/@fontsource/geist-mono": {
      "version": "5.2.8",
      "license": "OFL-1.1",
      "funding": {
        "url": "https://github.com/sponsors/ayuhito"
      }
    },
    "../../node_modules/.pnpm/@fontsource+geist-sans@5.2.5/node_modules/@fontsource/geist-sans": {
      "version": "5.2.5",
      "license": "OFL-1.1",
      "funding": {
        "url": "https://github.com/sponsors/ayuhito"
      }
    },
    "../../node_modules/.pnpm/@shadcn+react@0.2.1_@types+react@18.3.31_react@18.3.1/node_modules/@shadcn/react": {
      "version": "0.2.1",
      "license": "MIT",
      "devDependencies": {
        "@types/react-dom": "19.2.2",
        "@vitest/browser": "^3.2.6",
        "jsdom": "^28.1.0",
        "playwright": "^1.61.0",
        "react": "19.2.3",
        "react-dom": "19.2.3",
        "rimraf": "^6.0.1",
        "tsup": "^8.5.0",
        "typescript": "^5.9.2",
        "vite-tsconfig-paths": "^4.3.2"
      },
      "peerDependencies": {
        "@types/react": ">=19",
        "react": ">=19"
      },
      "peerDependenciesMeta": {
        "@types/react": {
          "optional": true
        },
        "react": {
          "optional": true
        }
      }
    },
    "../../node_modules/.pnpm/@tailwindcss+vite@4.3.2_vite@5.4.21_lightningcss@1.32.0_/node_modules/@tailwindcss/vite": {
      "version": "4.3.2",
      "dev": true,
      "license": "MIT",
      "dependencies": {
        "@tailwindcss/node": "4.3.2",
        "@tailwindcss/oxide": "4.3.2",
        "tailwindcss": "4.3.2"
      },
      "devDependencies": {
        "@types/node": "22.19.19",
        "vite": "8.0.14"
      },
      "peerDependencies": {
        "vite": "^5.2.0 || ^6 || ^7 || ^8"
      }
    },
    "../../node_modules/.pnpm/@tauri-apps+api@2.11.1/node_modules/@tauri-apps/api": {
      "version": "2.11.1",
      "license": "Apache-2.0 OR MIT",
      "devDependencies": {
        "@eslint/js": "^10.0.1",
        "@rollup/plugin-terser": "1.0.0",
        "@rollup/plugin-typescript": "12.3.0",
        "@types/eslint": "^9.6.1",
        "@types/node": "^24.11.0",
        "eslint": "^10.0.2",
        "eslint-config-prettier": "10.1.8",
        "eslint-plugin-security": "4.0.1",
        "fast-glob": "3.3.3",
        "globals": "^17.4.0",
        "rollup": "4.61.1",
        "tslib": "^2.8.1",
        "typescript": "^6.0.0",
        "typescript-eslint": "^8.58.2"
      },
      "funding": {
        "type": "opencollective",
        "url": "https://opencollective.com/tauri"
      }
    },
    "../../node_modules/.pnpm/@tauri-apps+cli@2.11.2/node_modules/@tauri-apps/cli": {
      "version": "2.11.2",
      "dev": true,
      "license": "Apache-2.0 OR MIT",
      "bin": {
        "tauri": "tauri.js"
      },
      "devDependencies": {
        "@napi-rs/cli": "3.4.1",
        "@types/node": "^24.11.0",
        "cross-env": "10.1.0",
        "vitest": "^4.0.18"
      },
      "engines": {
        "node": ">= 10"
      },
      "funding": {
        "type": "opencollective",
        "url": "https://opencollective.com/tauri"
      },
      "optionalDependencies": {
        "@tauri-apps/cli-darwin-arm64": "2.11.2",
        "@tauri-apps/cli-darwin-x64": "2.11.2",
        "@tauri-apps/cli-linux-arm-gnueabihf": "2.11.2",
        "@tauri-apps/cli-linux-arm64-gnu": "2.11.2",
        "@tauri-apps/cli-linux-arm64-musl": "2.11.2",
        "@tauri-apps/cli-linux-riscv64-gnu": "2.11.2",
        "@tauri-apps/cli-linux-x64-gnu": "2.11.2",
        "@tauri-apps/cli-linux-x64-musl": "2.11.2",
        "@tauri-apps/cli-win32-arm64-msvc": "2.11.2",
        "@tauri-apps/cli-win32-ia32-msvc": "2.11.2",
        "@tauri-apps/cli-win32-x64-msvc": "2.11.2"
      }
    },
    "../../node_modules/.pnpm/@tauri-apps+plugin-dialog@2.7.1/node_modules/@tauri-apps/plugin-dialog": {
      "version": "2.7.1",
      "license": "MIT OR Apache-2.0",
      "dependencies": {
        "@tauri-apps/api": "^2.11.0"
      }
    },
    "../../node_modules/.pnpm/@tauri-apps+plugin-notification@2.3.3/node_modules/@tauri-apps/plugin-notification": {
      "version": "2.3.3",
      "license": "MIT OR Apache-2.0",
      "dependencies": {
        "@tauri-apps/api": "^2.8.0"
      }
    },
    "../../node_modules/.pnpm/@tauri-apps+plugin-opener@2.5.4/node_modules/@tauri-apps/plugin-opener": {
      "version": "2.5.4",
      "license": "MIT OR Apache-2.0",
      "dependencies": {
        "@tauri-apps/api": "^2.11.0"
      }
    },
    "../../node_modules/.pnpm/@tauri-apps+plugin-store@2.4.3/node_modules/@tauri-apps/plugin-store": {
      "version": "2.4.3",
      "license": "MIT OR Apache-2.0",
      "dependencies": {
        "@tauri-apps/api": "^2.11.0"
      }
    },
    "../../node_modules/.pnpm/@types+react-dom@18.3.7_@types+react@18.3.31/node_modules/@types/react-dom": {
      "version": "18.3.7",
      "dev": true,
      "license": "MIT",
      "peerDependencies": {
        "@types/react": "^18.0.0"
      }
    },
    "../../node_modules/.pnpm/@types+react@18.3.31/node_modules/@types/react": {
      "version": "18.3.31",
      "dev": true,
      "license": "MIT",
      "dependencies": {
        "@types/prop-types": "*",
        "csstype": "^3.2.2"
      }
    },
    "../../node_modules/.pnpm/@vitejs+plugin-react@4.7.0_vite@5.4.21_lightningcss@1.32.0_/node_modules/@vitejs/plugin-react": {
      "version": "4.7.0",
      "dev": true,
      "license": "MIT",
      "dependencies": {
        "@babel/core": "^7.28.0",
        "@babel/plugin-transform-react-jsx-self": "^7.27.1",
        "@babel/plugin-transform-react-jsx-source": "^7.27.1",
        "@rolldown/pluginutils": "1.0.0-beta.27",
        "@types/babel__core": "^7.20.5",
        "react-refresh": "^0.17.0"
      },
      "devDependencies": {
        "@vitejs/react-common": "workspace:*",
        "babel-plugin-react-compiler": "19.1.0-rc.2",
        "react": "^19.1.0",
        "react-dom": "^19.1.0",
        "rolldown": "1.0.0-beta.27",
        "tsdown": "^0.12.9",
        "vitest": "^3.2.4"
      },
      "engines": {
        "node": "^14.18.0 || >=16.0.0"
      },
      "peerDependencies": {
        "vite": "^4.2.0 || ^5.0.0 || ^6.0.0 || ^7.0.0"
      }
    },
    "../../node_modules/.pnpm/class-variance-authority@0.7.1/node_modules/class-variance-authority": {
      "version": "0.7.1",
      "license": "Apache-2.0",
      "dependencies": {
        "clsx": "^2.1.1"
      },
      "devDependencies": {
        "@swc/cli": "0.3.12",
        "@swc/core": "1.4.16",
        "@types/node": "20.12.7",
        "@types/react": "18.2.79",
        "@types/react-dom": "18.2.25",
        "bundlesize": "0.18.2",
        "npm-run-all": "4.1.5",
        "react": "18.2.0",
        "react-dom": "18.2.0",
        "ts-node": "10.9.2",
        "typescript": "5.4.5"
      },
      "funding": {
        "url": "https://polar.sh/cva"
      }
    },
    "../../node_modules/.pnpm/clsx@2.1.1/node_modules/clsx": {
      "version": "2.1.1",
      "license": "MIT",
      "devDependencies": {
        "esm": "3.2.25",
        "terser": "4.8.0",
        "uvu": "0.5.4"
      },
      "engines": {
        "node": ">=6"
      }
    },
    "../../node_modules/.pnpm/date-fns@4.4.0/node_modules/date-fns": {
      "version": "4.4.0",
      "license": "MIT",
      "funding": {
        "type": "github",
        "url": "https://github.com/sponsors/kossnocorp"
      }
    },
    "../../node_modules/.pnpm/highlight.js@11.11.1/node_modules/highlight.js": {
      "version": "11.11.1",
      "license": "BSD-3-Clause",
      "devDependencies": {
        "@colors/colors": "^1.6.0",
        "@rollup/plugin-commonjs": "^28.0.1",
        "@rollup/plugin-json": "^6.0.1",
        "@rollup/plugin-node-resolve": "^15.3.0",
        "@types/mocha": "^10.0.2",
        "@typescript-eslint/eslint-plugin": "^7.15.0",
        "@typescript-eslint/parser": "^7.15.0",
        "clean-css": "^5.3.2",
        "cli-table": "^0.3.1",
        "commander": "^12.1.0",
        "css": "^3.0.0",
        "css-color-names": "^1.0.1",
        "deep-freeze-es6": "^3.0.2",
        "del": "^8.0.0",
        "dependency-resolver": "^2.0.1",
        "eslint": "^8.57.0",
        "eslint-config-standard": "^17.1.0",
        "eslint-plugin-import": "^2.28.1",
        "eslint-plugin-node": "^11.1.0",
        "eslint-plugin-promise": "^6.1.1",
        "glob": "^8.1.0",
        "glob-promise": "^6.0.5",
        "handlebars": "^4.7.8",
        "http-server": "^14.1.1",
        "jsdom": "^25.0.1",
        "lodash": "^4.17.20",
        "mocha": "^11.0.1",
        "refa": "^0.4.1",
        "rollup": "^4.0.2",
        "should": "^13.2.3",
        "terser": "^5.21.0",
        "tiny-worker": "^2.3.0",
        "typescript": "^5.2.2",
        "wcag-contrast": "^3.0.0"
      },
      "engines": {
        "node": ">=12.0.0"
      }
    },
    "../../node_modules/.pnpm/lucide-react@1.24.0_react@18.3.1/node_modules/lucide-react": {
      "version": "1.24.0",
      "license": "ISC",
      "devDependencies": {
        "@lucide/build-icons": "1.1.0",
        "@lucide/rollup-plugins": "1.0.0",
        "@lucide/shared": "1.0.0",
        "@testing-library/jest-dom": "^6.8.0",
        "@testing-library/react": "^14.1.2",
        "@types/react": "^18.2.37",
        "@vitejs/plugin-react": "^4.6.0",
        "jest-serializer-html": "^7.1.0",
        "react": "18.2.0",
        "react-dom": "18.2.0",
        "rollup": "^4.59.0",
        "rollup-plugin-dts": "^6.2.3",
        "rollup-plugin-preserve-directives": "^0.4.0",
        "typescript": "^5.8.3",
        "vite": "^7.2.4"
      },
      "peerDependencies": {
        "react": "^16.5.1 || ^17.0.0 || ^18.0.0 || ^19.0.0"
      }
    },
    "../../node_modules/.pnpm/radix-ui@1.6.2_@types+react-dom@18.3.7_@types+react@18.3.31__@types+react@18.3.31_react_af0cb6ff7f3214f0ae4ef1c15d9c7dac/node_modules/radix-ui": {
      "version": "1.6.2",
      "license": "MIT",
      "dependencies": {
        "@radix-ui/primitive": "1.1.5",
        "@radix-ui/react-accessible-icon": "1.1.11",
        "@radix-ui/react-accordion": "1.2.16",
        "@radix-ui/react-alert-dialog": "1.1.19",
        "@radix-ui/react-arrow": "1.1.11",
        "@radix-ui/react-aspect-ratio": "1.1.11",
        "@radix-ui/react-avatar": "1.2.2",
        "@radix-ui/react-checkbox": "1.3.7",
        "@radix-ui/react-collapsible": "1.1.16",
        "@radix-ui/react-collection": "1.1.12",
        "@radix-ui/react-compose-refs": "1.1.3",
        "@radix-ui/react-context": "1.2.0",
        "@radix-ui/react-context-menu": "2.3.3",
        "@radix-ui/react-dialog": "1.1.19",
        "@radix-ui/react-direction": "1.1.2",
        "@radix-ui/react-dismissable-layer": "1.1.15",
        "@radix-ui/react-dropdown-menu": "2.1.20",
        "@radix-ui/react-focus-guards": "1.1.4",
        "@radix-ui/react-focus-scope": "1.1.12",
        "@radix-ui/react-form": "0.1.12",
        "@radix-ui/react-hover-card": "1.1.19",
        "@radix-ui/react-label": "2.1.11",
        "@radix-ui/react-menu": "2.1.20",
        "@radix-ui/react-menubar": "1.1.20",
        "@radix-ui/react-navigation-menu": "1.2.18",
        "@radix-ui/react-one-time-password-field": "0.1.12",
        "@radix-ui/react-password-toggle-field": "0.1.7",
        "@radix-ui/react-popover": "1.1.19",
        "@radix-ui/react-popper": "1.3.3",
        "@radix-ui/react-portal": "1.1.13",
        "@radix-ui/react-presence": "1.1.7",
        "@radix-ui/react-primitive": "2.1.7",
        "@radix-ui/react-progress": "1.1.12",
        "@radix-ui/react-radio-group": "1.4.3",
        "@radix-ui/react-roving-focus": "1.1.15",
        "@radix-ui/react-scroll-area": "1.2.14",
        "@radix-ui/react-select": "2.3.3",
        "@radix-ui/react-separator": "1.1.11",
        "@radix-ui/react-slider": "1.4.3",
        "@radix-ui/react-slot": "1.3.0",
        "@radix-ui/react-switch": "1.3.3",
        "@radix-ui/react-tabs": "1.1.17",
        "@radix-ui/react-toast": "1.2.19",
        "@radix-ui/react-toggle": "1.1.14",
        "@radix-ui/react-toggle-group": "1.1.15",
        "@radix-ui/react-toolbar": "1.1.15",
        "@radix-ui/react-tooltip": "1.2.12",
        "@radix-ui/react-use-callback-ref": "1.1.2",
        "@radix-ui/react-use-controllable-state": "1.2.3",
        "@radix-ui/react-use-effect-event": "0.0.3",
        "@radix-ui/react-use-escape-keydown": "1.1.3",
        "@radix-ui/react-use-is-hydrated": "0.1.1",
        "@radix-ui/react-use-layout-effect": "1.1.2",
        "@radix-ui/react-use-size": "1.1.2",
        "@radix-ui/react-visually-hidden": "1.2.7"
      },
      "devDependencies": {
        "@repo/builder": "0.0.0",
        "@repo/typescript-config": "0.0.0",
        "@types/react": "^19.2.2",
        "@types/react-dom": "^19.2.2",
        "react": "^19.2.0",
        "react-dom": "^19.2.0",
        "typescript": "^5.9.3"
      },
      "peerDependencies": {
        "@types/react": "*",
        "@types/react-dom": "*",
        "react": "^16.8 || ^17.0 || ^18.0 || ^19.0 || ^19.0.0-rc",
        "react-dom": "^16.8 || ^17.0 || ^18.0 || ^19.0 || ^19.0.0-rc"
      },
      "peerDependenciesMeta": {
        "@types/react": {
          "optional": true
        },
        "@types/react-dom": {
          "optional": true
        }
      }
    },
    "../../node_modules/.pnpm/react-day-picker@10.0.1_@types+react@18.3.31_react@18.3.1/node_modules/react-day-picker": {
      "version": "10.0.1",
      "license": "MIT",
      "dependencies": {
        "@date-fns/tz": "^1.4.1",
        "date-fns": "^4.1.0"
      },
      "engines": {
        "node": ">=18"
      },
      "funding": {
        "type": "individual",
        "url": "https://github.com/sponsors/gpbl"
      },
      "peerDependencies": {
        "@types/react": ">=16.8.0",
        "react": ">=16.8.0"
      },
      "peerDependenciesMeta": {
        "@types/react": {
          "optional": true
        }
      }
    },
    "../../node_modules/.pnpm/react-dom@18.3.1_react@18.3.1/node_modules/react-dom": {
      "version": "18.3.1",
      "license": "MIT",
      "peer": true,
      "dependencies": {
        "loose-envify": "^1.1.0",
        "scheduler": "^0.23.2"
      },
      "peerDependencies": {
        "react": "^18.3.1"
      }
    },
    "../../node_modules/.pnpm/react-markdown@9.1.0_@types+react@18.3.31_react@18.3.1/node_modules/react-markdown": {
      "version": "9.1.0",
      "license": "MIT",
      "dependencies": {
        "@types/hast": "^3.0.0",
        "@types/mdast": "^4.0.0",
        "devlop": "^1.0.0",
        "hast-util-to-jsx-runtime": "^2.0.0",
        "html-url-attributes": "^3.0.0",
        "mdast-util-to-hast": "^13.0.0",
        "remark-parse": "^11.0.0",
        "remark-rehype": "^11.0.0",
        "unified": "^11.0.0",
        "unist-util-visit": "^5.0.0",
        "vfile": "^6.0.0"
      },
      "devDependencies": {
        "@types/node": "^22.0.0",
        "@types/react": "^19.0.0",
        "@types/react-dom": "^19.0.0",
        "c8": "^10.0.0",
        "concat-stream": "^2.0.0",
        "esbuild": "^0.25.0",
        "eslint-plugin-react": "^7.0.0",
        "prettier": "^3.0.0",
        "react": "^19.0.0",
        "react-dom": "^19.0.0",
        "rehype-raw": "^7.0.0",
        "rehype-starry-night": "^2.0.0",
        "remark-cli": "^12.0.0",
        "remark-gfm": "^4.0.0",
        "remark-preset-wooorm": "^11.0.0",
        "remark-toc": "^9.0.0",
        "type-coverage": "^2.0.0",
        "typescript": "^5.0.0",
        "xo": "^0.60.0"
      },
      "funding": {
        "type": "opencollective",
        "url": "https://opencollective.com/unified"
      },
      "peerDependencies": {
        "@types/react": ">=18",
        "react": ">=18"
      }
    },
    "../../node_modules/.pnpm/react@18.3.1/node_modules/react": {
      "version": "18.3.1",
      "license": "MIT",
      "dependencies": {
        "loose-envify": "^1.1.0"
      },
      "engines": {
        "node": ">=0.10.0"
      }
    },
    "../../node_modules/.pnpm/rehype-highlight@7.0.2/node_modules/rehype-highlight": {
      "version": "7.0.2",
      "license": "MIT",
      "dependencies": {
        "@types/hast": "^3.0.0",
        "hast-util-to-text": "^4.0.0",
        "lowlight": "^3.0.0",
        "unist-util-visit": "^5.0.0",
        "vfile": "^6.0.0"
      },
      "devDependencies": {
        "@types/node": "^22.0.0",
        "c8": "^10.0.0",
        "prettier": "^3.0.0",
        "rehype-parse": "^9.0.0",
        "rehype-stringify": "^10.0.0",
        "remark-cli": "^12.0.0",
        "remark-preset-wooorm": "^11.0.0",
        "type-coverage": "^2.0.0",
        "typescript": "^5.0.0",
        "unified": "^11.0.0",
        "xo": "^0.60.0"
      },
      "funding": {
        "type": "opencollective",
        "url": "https://opencollective.com/unified"
      }
    },
    "../../node_modules/.pnpm/remark-gfm@4.0.1/node_modules/remark-gfm": {
      "version": "4.0.1",
      "license": "MIT",
      "dependencies": {
        "@types/mdast": "^4.0.0",
        "mdast-util-gfm": "^3.0.0",
        "micromark-extension-gfm": "^3.0.0",
        "remark-parse": "^11.0.0",
        "remark-stringify": "^11.0.0",
        "unified": "^11.0.0"
      },
      "devDependencies": {
        "@types/node": "^22.0.0",
        "c8": "^10.0.0",
        "is-hidden": "^2.0.0",
        "prettier": "^3.0.0",
        "remark": "^15.0.0",
        "remark-cli": "^12.0.0",
        "remark-preset-wooorm": "^11.0.0",
        "string-width": "^6.0.0",
        "to-vfile": "^8.0.0",
        "type-coverage": "^2.0.0",
        "typescript": "^5.0.0",
        "xo": "^0.60.0"
      },
      "funding": {
        "type": "opencollective",
        "url": "https://opencollective.com/unified"
      }
    },
    "../../node_modules/.pnpm/tailwind-merge@3.6.0/node_modules/tailwind-merge": {
      "version": "3.6.0",
      "license": "MIT",
      "devDependencies": {
        "@babel/core": "^7.29.0",
        "@babel/preset-env": "^7.29.3",
        "@codspeed/vitest-plugin": "^5.4.0",
        "@rollup/plugin-babel": "^7.0.0",
        "@rollup/plugin-node-resolve": "^16.0.3",
        "@rollup/plugin-typescript": "^12.3.0",
        "@types/node": "^24.12.2",
        "@vitest/coverage-v8": "^4.1.5",
        "@vitest/eslint-plugin": "^1.6.16",
        "babel-plugin-annotate-pure-calls": "^0.5.0",
        "babel-plugin-polyfill-regenerator": "^0.6.8",
        "eslint": "^9.39.4",
        "eslint-plugin-import": "^2.32.0",
        "globby": "^16.2.0",
        "prettier": "^3.8.3",
        "rollup": "^4.60.2",
        "rollup-plugin-delete": "^3.0.2",
        "rollup-plugin-dts": "^6.4.1",
        "tslib": "^2.8.1",
        "typescript": "^5.9.3",
        "typescript-eslint": "^8.59.1",
        "vitest": "^4.1.5",
        "zx": "^8.8.5"
      },
      "funding": {
        "type": "github",
        "url": "https://github.com/sponsors/dcastil"
      }
    },
    "../../node_modules/.pnpm/tailwindcss@4.3.2/node_modules/tailwindcss": {
      "version": "4.3.2",
      "dev": true,
      "license": "MIT",
      "devDependencies": {
        "@jridgewell/remapping": "^2.3.5",
        "@tailwindcss/oxide": "^4.3.2",
        "@types/node": "22.19.19",
        "dedent": "1.7.2",
        "lightningcss": "1.32.0",
        "magic-string": "^0.30.21",
        "source-map-js": "^1.2.1"
      }
    },
    "../../node_modules/.pnpm/tw-animate-css@1.4.0/node_modules/tw-animate-css": {
      "version": "1.4.0",
      "license": "MIT",
      "devDependencies": {
        "@commitlint/cli": "^19.8.1",
        "@commitlint/config-conventional": "^19.8.1",
        "@types/node": "^24.5.2",
        "lint-staged": "^16.2.0",
        "prettier": "^3.6.2",
        "simple-git-hooks": "^2.13.1",
        "sort-package-json": "^3.4.0"
      },
      "funding": {
        "url": "https://github.com/sponsors/Wombosvideo"
      }
    },
    "../../node_modules/.pnpm/typescript@5.9.3/node_modules/typescript": {
      "version": "5.9.3",
      "dev": true,
      "license": "Apache-2.0",
      "bin": {
        "tsc": "bin/tsc",
        "tsserver": "bin/tsserver"
      },
      "devDependencies": {
        "@dprint/formatter": "^0.4.1",
        "@dprint/typescript": "0.93.4",
        "@esfx/canceltoken": "^1.0.0",
        "@eslint/js": "^9.20.0",
        "@octokit/rest": "^21.1.1",
        "@types/chai": "^4.3.20",
        "@types/diff": "^7.0.1",
        "@types/minimist": "^1.2.5",
        "@types/mocha": "^10.0.10",
        "@types/ms": "^0.7.34",
        "@types/node": "latest",
        "@types/source-map-support": "^0.5.10",
        "@types/which": "^3.0.4",
        "@typescript-eslint/rule-tester": "^8.24.1",
        "@typescript-eslint/type-utils": "^8.24.1",
        "@typescript-eslint/utils": "^8.24.1",
        "azure-devops-node-api": "^14.1.0",
        "c8": "^10.1.3",
        "chai": "^4.5.0",
        "chokidar": "^4.0.3",
        "diff": "^7.0.0",
        "dprint": "^0.49.0",
        "esbuild": "^0.25.0",
        "eslint": "^9.20.1",
        "eslint-formatter-autolinkable-stylish": "^1.4.0",
        "eslint-plugin-regexp": "^2.7.0",
        "fast-xml-parser": "^4.5.2",
        "glob": "^10.4.5",
        "globals": "^15.15.0",
        "hereby": "^1.10.0",
        "jsonc-parser": "^3.3.1",
        "knip": "^5.44.4",
        "minimist": "^1.2.8",
        "mocha": "^10.8.2",
        "mocha-fivemat-progress-reporter": "^0.1.0",
        "monocart-coverage-reports": "^2.12.1",
        "ms": "^2.1.3",
        "picocolors": "^1.1.1",
        "playwright": "^1.50.1",
        "source-map-support": "^0.5.21",
        "tslib": "^2.8.1",
        "typescript": "^5.7.3",
        "typescript-eslint": "^8.24.1",
        "which": "^3.0.1"
      },
      "engines": {
        "node": ">=14.17"
      }
    },
    "../../node_modules/.pnpm/vite@5.4.21_lightningcss@1.32.0/node_modules/vite": {
      "version": "5.4.21",
      "dev": true,
      "license": "MIT",
      "dependencies": {
        "esbuild": "^0.21.3",
        "postcss": "^8.4.43",
        "rollup": "^4.20.0"
      },
      "bin": {
        "vite": "bin/vite.js"
      },
      "devDependencies": {
        "@ampproject/remapping": "^2.3.0",
        "@babel/parser": "^7.25.6",
        "@jridgewell/trace-mapping": "^0.3.25",
        "@polka/compression": "^1.0.0-next.25",
        "@rollup/plugin-alias": "^5.1.0",
        "@rollup/plugin-commonjs": "^26.0.1",
        "@rollup/plugin-dynamic-import-vars": "^2.1.2",
        "@rollup/plugin-json": "^6.1.0",
        "@rollup/plugin-node-resolve": "15.2.3",
        "@rollup/pluginutils": "^5.1.0",
        "@types/escape-html": "^1.0.4",
        "@types/pnpapi": "^0.0.5",
        "artichokie": "^0.2.1",
        "cac": "^6.7.14",
        "chokidar": "^3.6.0",
        "connect": "^3.7.0",
        "convert-source-map": "^2.0.0",
        "cors": "^2.8.5",
        "cross-spawn": "^7.0.3",
        "debug": "^4.3.6",
        "dep-types": "link:./src/types",
        "dotenv": "^16.4.5",
        "dotenv-expand": "^11.0.6",
        "es-module-lexer": "^1.5.4",
        "escape-html": "^1.0.3",
        "estree-walker": "^3.0.3",
        "etag": "^1.8.1",
        "fast-glob": "^3.3.2",
        "http-proxy": "^1.18.1",
        "launch-editor-middleware": "^2.9.1",
        "lightningcss": "^1.26.0",
        "magic-string": "^0.30.11",
        "micromatch": "^4.0.8",
        "mlly": "^1.7.1",
        "mrmime": "^2.0.0",
        "open": "^8.4.2",
        "parse5": "^7.1.2",
        "pathe": "^1.1.2",
        "periscopic": "^4.0.2",
        "picocolors": "^1.0.1",
        "picomatch": "^2.3.1",
        "postcss-import": "^16.1.0",
        "postcss-load-config": "^4.0.2",
        "postcss-modules": "^6.0.0",
        "resolve.exports": "^2.0.2",
        "rollup-plugin-dts": "^6.1.1",
        "rollup-plugin-esbuild": "^6.1.1",
        "rollup-plugin-license": "^3.5.2",
        "sass": "^1.77.8",
        "sass-embedded": "^1.77.8",
        "sirv": "^2.0.4",
        "source-map-support": "^0.5.21",
        "strip-ansi": "^7.1.0",
        "strip-literal": "^2.1.0",
        "tsconfck": "^3.1.4",
        "tslib": "^2.7.0",
        "types": "link:./types",
        "ufo": "^1.5.4",
        "ws": "^8.18.0"
      },
      "engines": {
        "node": "^18.0.0 || >=20.0.0"
      },
      "funding": {
        "url": "https://github.com/vitejs/vite?sponsor=1"
      },
      "optionalDependencies": {
        "fsevents": "~2.3.3"
      },
      "peerDependencies": {
        "@types/node": "^18.0.0 || >=20.0.0",
        "less": "*",
        "lightningcss": "^1.21.0",
        "sass": "*",
        "sass-embedded": "*",
        "stylus": "*",
        "sugarss": "*",
        "terser": "^5.4.0"
      },
      "peerDependenciesMeta": {
        "@types/node": {
          "optional": true
        },
        "less": {
          "optional": true
        },
        "lightningcss": {
          "optional": true
        },
        "sass": {
          "optional": true
        },
        "sass-embedded": {
          "optional": true
        },
        "stylus": {
          "optional": true
        },
        "sugarss": {
          "optional": true
        },
        "terser": {
          "optional": true
        }
      }
    },
    "../../node_modules/.pnpm/vitest@3.2.7_@types+debug@4.1.13_lightningcss@1.32.0/node_modules/vitest": {
      "version": "3.2.7",
      "dev": true,
      "license": "MIT",
      "dependencies": {
        "@types/chai": "^5.2.2",
        "@vitest/expect": "3.2.7",
        "@vitest/mocker": "3.2.7",
        "@vitest/pretty-format": "^3.2.7",
        "@vitest/runner": "3.2.7",
        "@vitest/snapshot": "3.2.7",
        "@vitest/spy": "3.2.7",
        "@vitest/utils": "3.2.7",
        "chai": "^5.2.0",
        "debug": "^4.4.1",
        "expect-type": "^1.2.1",
        "magic-string": "^0.30.17",
        "pathe": "^2.0.3",
        "picomatch": "^4.0.2",
        "std-env": "^3.9.0",
        "tinybench": "^2.9.0",
        "tinyexec": "^0.3.2",
        "tinyglobby": "^0.2.14",
        "tinypool": "^1.1.1",
        "tinyrainbow": "^2.0.0",
        "vite": "^5.0.0 || ^6.0.0 || ^7.0.0-0",
        "vite-node": "3.2.4",
        "why-is-node-running": "^2.3.0"
      },
      "bin": {
        "vitest": "vitest.mjs"
      },
      "devDependencies": {
        "@ampproject/remapping": "^2.3.0",
        "@antfu/install-pkg": "^1.1.0",
        "@edge-runtime/vm": "^5.0.0",
        "@sinonjs/fake-timers": "14.0.0",
        "@types/debug": "^4.1.12",
        "@types/estree": "^1.0.8",
        "@types/istanbul-lib-coverage": "^2.0.6",
        "@types/istanbul-reports": "^3.0.4",
        "@types/jsdom": "^21.1.7",
        "@types/mime": "^4.0.0",
        "@types/node": "^22.15.32",
        "@types/picomatch": "^4.0.0",
        "@types/prompts": "^2.4.9",
        "@types/sinonjs__fake-timers": "^8.1.5",
        "acorn-walk": "^8.3.4",
        "birpc": "2.4.0",
        "cac": "^6.7.14",
        "chai-subset": "^1.6.0",
        "find-up": "^6.3.0",
        "flatted": "^3.3.3",
        "happy-dom": "^17.6.3",
        "jsdom": "^26.1.0",
        "local-pkg": "^1.1.1",
        "mime": "^4.0.7",
        "pretty-format": "^29.7.0",
        "prompts": "^2.4.2",
        "strip-literal": "^3.0.0",
        "ws": "^8.18.2"
      },
      "engines": {
        "node": "^18.0.0 || ^20.0.0 || >=22.0.0"
      },
      "funding": {
        "url": "https://opencollective.com/vitest"
      },
      "peerDependencies": {
        "@edge-runtime/vm": "*",
        "@types/debug": "^4.1.12",
        "@types/node": "^18.0.0 || ^20.0.0 || >=22.0.0",
        "@vitest/browser": "3.2.7",
        "@vitest/ui": "3.2.7",
        "happy-dom": "*",
        "jsdom": "*"
      },
      "peerDependenciesMeta": {
        "@edge-runtime/vm": {
          "optional": true
        },
        "@types/debug": {
          "optional": true
        },
        "@types/node": {
          "optional": true
        },
        "@vitest/browser": {
          "optional": true
        },
        "@vitest/ui": {
          "optional": true
        },
        "happy-dom": {
          "optional": true
        },
        "jsdom": {
          "optional": true
        }
      }
    },
    "../../node_modules/.pnpm/zustand@5.0.14_@types+react@18.3.31_react@18.3.1/node_modules/zustand": {
      "version": "5.0.14",
      "license": "MIT",
      "engines": {
        "node": ">=12.20.0"
      },
      "peerDependencies": {
        "@types/react": ">=18.0.0",
        "immer": ">=9.0.6",
        "react": ">=18.0.0",
        "use-sync-external-store": ">=1.2.0"
      },
      "peerDependenciesMeta": {
        "@types/react": {
          "optional": true
        },
        "immer": {
          "optional": true
        },
        "react": {
          "optional": true
        },
        "use-sync-external-store": {
          "optional": true
        }
      }
    },
    "node_modules/@dnd-kit/accessibility": {
      "version": "3.1.1",
      "resolved": "https://mirrors.tencent.com/npm/@dnd-kit/accessibility/-/accessibility-3.1.1.tgz",
      "integrity": "sha512-2P+YgaXF+gRsIihwwY1gCsQSYnu9Zyj2py8kY5fFvUM1qm2WA2u639R6YNVfU4GWr+ZM5mqEsfHZZLoRONbemw==",
      "license": "MIT",
      "dependencies": {
        "tslib": "^2.0.0"
      },
      "peerDependencies": {
        "react": ">=16.8.0"
      }
    },
    "node_modules/@dnd-kit/core": {
      "version": "6.3.1",
      "resolved": "https://mirrors.tencent.com/npm/@dnd-kit/core/-/core-6.3.1.tgz",
      "integrity": "sha512-xkGBRQQab4RLwgXxoqETICr6S5JlogafbhNsidmrkVv2YRs5MLwpjoF2qpiGjQt8S9AoxtIV603s0GIUpY5eYQ==",
      "license": "MIT",
      "peer": true,
      "dependencies": {
        "@dnd-kit/accessibility": "^3.1.1",
        "@dnd-kit/utilities": "^3.2.2",
        "tslib": "^2.0.0"
      },
      "peerDependencies": {
        "react": ">=16.8.0",
        "react-dom": ">=16.8.0"
      }
    },
    "node_modules/@dnd-kit/sortable": {
      "version": "10.0.0",
      "resolved": "https://mirrors.tencent.com/npm/@dnd-kit/sortable/-/sortable-10.0.0.tgz",
      "integrity": "sha512-+xqhmIIzvAYMGfBYYnbKuNicfSsk4RksY2XdmJhT+HAC01nix6fHCztU68jooFiMUB01Ky3F0FyOvhG/BZrWkg==",
      "license": "MIT",
      "dependencies": {
        "@dnd-kit/utilities": "^3.2.2",
        "tslib": "^2.0.0"
      },
      "peerDependencies": {
        "@dnd-kit/core": "^6.3.0",
        "react": ">=16.8.0"
      }
    },
    "node_modules/@dnd-kit/utilities": {
      "version": "3.2.2",
      "resolved": "https://mirrors.tencent.com/npm/@dnd-kit/utilities/-/utilities-3.2.2.tgz",
      "integrity": "sha512-+MKAJEOfaBe5SmV6t34p80MMKhjvUz0vRrvVJbPT0WElzaOJ/1xs+D+KDv+tD/NE5ujfrChEcshd4fLn0wpiqg==",
      "license": "MIT",
      "dependencies": {
        "tslib": "^2.0.0"
      },
      "peerDependencies": {
        "react": ">=16.8.0"
      }
    },
    "node_modules/@fontsource-variable/geist": {
      "resolved": "../../node_modules/.pnpm/@fontsource-variable+geist@5.2.9/node_modules/@fontsource-variable/geist",
      "link": true
    },
    "node_modules/@fontsource/geist-mono": {
      "resolved": "../../node_modules/.pnpm/@fontsource+geist-mono@5.2.8/node_modules/@fontsource/geist-mono",
      "link": true
    },
    "node_modules/@fontsource/geist-sans": {
      "resolved": "../../node_modules/.pnpm/@fontsource+geist-sans@5.2.5/node_modules/@fontsource/geist-sans",
      "link": true
    },
    "node_modules/@fontsource/inter": {
      "version": "5.2.8",
      "resolved": "https://mirrors.tencent.com/npm/@fontsource/inter/-/inter-5.2.8.tgz",
      "integrity": "sha512-P6r5WnJoKiNVV+zvW2xM13gNdFhAEpQ9dQJHt3naLvfg+LkF2ldgSLiF4T41lf1SQCM9QmkqPTn4TH568IRagg==",
      "license": "OFL-1.1",
      "funding": {
        "url": "https://github.com/sponsors/ayuhito"
      }
    },
    "node_modules/@shadcn/react": {
      "resolved": "../../node_modules/.pnpm/@shadcn+react@0.2.1_@types+react@18.3.31_react@18.3.1/node_modules/@shadcn/react",
      "link": true
    },
    "node_modules/@tailwindcss/vite": {
      "resolved": "../../node_modules/.pnpm/@tailwindcss+vite@4.3.2_vite@5.4.21_lightningcss@1.32.0_/node_modules/@tailwindcss/vite",
      "link": true
    },
    "node_modules/@tauri-apps/api": {
      "resolved": "../../node_modules/.pnpm/@tauri-apps+api@2.11.1/node_modules/@tauri-apps/api",
      "link": true
    },
    "node_modules/@tauri-apps/cli": {
      "resolved": "../../node_modules/.pnpm/@tauri-apps+cli@2.11.2/node_modules/@tauri-apps/cli",
      "link": true
    },
    "node_modules/@tauri-apps/plugin-dialog": {
      "resolved": "../../node_modules/.pnpm/@tauri-apps+plugin-dialog@2.7.1/node_modules/@tauri-apps/plugin-dialog",
      "link": true
    },
    "node_modules/@tauri-apps/plugin-notification": {
      "resolved": "../../node_modules/.pnpm/@tauri-apps+plugin-notification@2.3.3/node_modules/@tauri-apps/plugin-notification",
      "link": true
    },
    "node_modules/@tauri-apps/plugin-opener": {
      "resolved": "../../node_modules/.pnpm/@tauri-apps+plugin-opener@2.5.4/node_modules/@tauri-apps/plugin-opener",
      "link": true
    },
    "node_modules/@tauri-apps/plugin-store": {
      "resolved": "../../node_modules/.pnpm/@tauri-apps+plugin-store@2.4.3/node_modules/@tauri-apps/plugin-store",
      "link": true
    },
    "node_modules/@types/react": {
      "resolved": "../../node_modules/.pnpm/@types+react@18.3.31/node_modules/@types/react",
      "link": true
    },
    "node_modules/@types/react-dom": {
      "resolved": "../../node_modules/.pnpm/@types+react-dom@18.3.7_@types+react@18.3.31/node_modules/@types/react-dom",
      "link": true
    },
    "node_modules/@vitejs/plugin-react": {
      "resolved": "../../node_modules/.pnpm/@vitejs+plugin-react@4.7.0_vite@5.4.21_lightningcss@1.32.0_/node_modules/@vitejs/plugin-react",
      "link": true
    },
    "node_modules/class-variance-authority": {
      "resolved": "../../node_modules/.pnpm/class-variance-authority@0.7.1/node_modules/class-variance-authority",
      "link": true
    },
    "node_modules/clsx": {
      "resolved": "../../node_modules/.pnpm/clsx@2.1.1/node_modules/clsx",
      "link": true
    },
    "node_modules/date-fns": {
      "resolved": "../../node_modules/.pnpm/date-fns@4.4.0/node_modules/date-fns",
      "link": true
    },
    "node_modules/highlight.js": {
      "resolved": "../../node_modules/.pnpm/highlight.js@11.11.1/node_modules/highlight.js",
      "link": true
    },
    "node_modules/lucide-react": {
      "resolved": "../../node_modules/.pnpm/lucide-react@1.24.0_react@18.3.1/node_modules/lucide-react",
      "link": true
    },
    "node_modules/radix-ui": {
      "resolved": "../../node_modules/.pnpm/radix-ui@1.6.2_@types+react-dom@18.3.7_@types+react@18.3.31__@types+react@18.3.31_react_af0cb6ff7f3214f0ae4ef1c15d9c7dac/node_modules/radix-ui",
      "link": true
    },
    "node_modules/react": {
      "resolved": "../../node_modules/.pnpm/react@18.3.1/node_modules/react",
      "link": true
    },
    "node_modules/react-day-picker": {
      "resolved": "../../node_modules/.pnpm/react-day-picker@10.0.1_@types+react@18.3.31_react@18.3.1/node_modules/react-day-picker",
      "link": true
    },
    "node_modules/react-dom": {
      "resolved": "../../node_modules/.pnpm/react-dom@18.3.1_react@18.3.1/node_modules/react-dom",
      "link": true
    },
    "node_modules/react-markdown": {
      "resolved": "../../node_modules/.pnpm/react-markdown@9.1.0_@types+react@18.3.31_react@18.3.1/node_modules/react-markdown",
      "link": true
    },
    "node_modules/rehype-highlight": {
      "resolved": "../../node_modules/.pnpm/rehype-highlight@7.0.2/node_modules/rehype-highlight",
      "link": true
    },
    "node_modules/remark-gfm": {
      "resolved": "../../node_modules/.pnpm/remark-gfm@4.0.1/node_modules/remark-gfm",
      "link": true
    },
    "node_modules/tailwind-merge": {
      "resolved": "../../node_modules/.pnpm/tailwind-merge@3.6.0/node_modules/tailwind-merge",
      "link": true
    },
    "node_modules/tailwindcss": {
      "resolved": "../../node_modules/.pnpm/tailwindcss@4.3.2/node_modules/tailwindcss",
      "link": true
    },
    "node_modules/tslib": {
      "version": "2.8.1",
      "resolved": "https://mirrors.tencent.com/npm/tslib/-/tslib-2.8.1.tgz",
      "integrity": "sha512-oJFu94HQb+KVduSUQL7wnpmqnfmLsOA/nAh6b6EH0wCEoK0/mPeXU6c3wKDV83MkOuHPRHtSXKKU99IBazS/2w==",
      "license": "0BSD"
    },
    "node_modules/tw-animate-css": {
      "resolved": "../../node_modules/.pnpm/tw-animate-css@1.4.0/node_modules/tw-animate-css",
      "link": true
    },
    "node_modules/typescript": {
      "resolved": "../../node_modules/.pnpm/typescript@5.9.3/node_modules/typescript",
      "link": true
    },
    "node_modules/vite": {
      "resolved": "../../node_modules/.pnpm/vite@5.4.21_lightningcss@1.32.0/node_modules/vite",
      "link": true
    },
    "node_modules/vitest": {
      "resolved": "../../node_modules/.pnpm/vitest@3.2.7_@types+debug@4.1.13_lightningcss@1.32.0/node_modules/vitest",
      "link": true
    },
    "node_modules/zustand": {
      "resolved": "../../node_modules/.pnpm/zustand@5.0.14_@types+react@18.3.31_react@18.3.1/node_modules/zustand",
      "link": true
    }
  }
}
